
Microsoft Visual Studio Solution File, Format Version 12.00
# Visual Studio 14
VisualStudioVersion = 14.0.25123.0
MinimumVisualStudioVersion = 10.0.40219.1
Project("{FAE04EC0-301F-11D3-BF4B-00C04F79EFBC}") = "SFA.DAS.ForecastingTool.Web", "SFA.DAS.ForecastingTool.Web\SFA.DAS.ForecastingTool.Web.csproj", "{A27065EB-F4BA-46EF-9799-2C4545D7D3ED}"
EndProject
Global
	GlobalSection(SolutionConfigurationPlatforms) = preSolution
		Debug|Any CPU = Debug|Any CPU
		Release|Any CPU = Release|Any CPU
	EndGlobalSection
	GlobalSection(ProjectConfigurationPlatforms) = postSolution
		{A27065EB-F4BA-46EF-9799-2C4545D7D3ED}.Debug|Any CPU.ActiveCfg = Debug|Any CPU
		{A27065EB-F4BA-46EF-9799-2C4545D7D3ED}.Debug|Any CPU.Build.0 = Debug|Any CPU
		{A27065EB-F4BA-46EF-9799-2C4545D7D3ED}.Release|Any CPU.ActiveCfg = Release|Any CPU
		{A27065EB-F4BA-46EF-9799-2C4545D7D3ED}.Release|Any CPU.Build.0 = Release|Any CPU
	EndGlobalSection
	GlobalSection(SolutionProperties) = preSolution
		HideSolutionNode = FALSE
	EndGlobalSection
EndGlobal
